
Microsoft Visual Studio Solution File, Format Version 12.00
# Visual Studio Version 16
VisualStudioVersion = 16.0.29613.14
MinimumVisualStudioVersion = 10.0.40219.1
Project("{FAE04EC0-301F-11D3-BF4B-00C04F79EFBC}") = "c2maker", "c2maker.csproj", "{5E958D28-5B44-4394-BE46-1AAE1338A232}"
EndProject
Global
	GlobalSection(SolutionConfigurationPlatforms) = preSolution
		Debug|Any CPU = Debug|Any CPU
		Release|Any CPU = Release|Any CPU
	EndGlobalSection
	GlobalSection(ProjectConfigurationPlatforms) = postSolution
		{5E958D28-5B44-4394-BE46-1AAE1338A232}.Debug|Any CPU.ActiveCfg = Debug|Any CPU
		{5E958D28-5B44-4394-BE46-1AAE1338A232}.Debug|Any CPU.Build.0 = Debug|Any CPU
		{5E958D28-5B44-4394-BE46-1AAE1338A232}.Release|Any CPU.ActiveCfg = Release|Any CPU
		{5E958D28-5B44-4394-BE46-1AAE1338A232}.Release|Any CPU.Build.0 = Release|Any CPU
	EndGlobalSection
	GlobalSection(SolutionProperties) = preSolution
		HideSolutionNode = FALSE
	EndGlobalSection
	GlobalSection(ExtensibilityGlobals) = postSolution
		SolutionGuid = {D01D6475-D557-40DB-8B7C-D7337A229E55}
	EndGlobalSection
EndGlobal
